// !$*UTF8*$!
{
	archiveVersion = 1;
	classes = {
	};
	objectVersion = 50;
	objects = {

/* Begin PBXBuildFile section */
		B11B947C20F8C8720084E4D7 /* AppDelegate.swift in Sources */ = {isa = PBXBuildFile; fileRef = B11B947B20F8C8720084E4D7 /* AppDelegate.swift */; };
		B11B947E20F8C8720084E4D7 /* WelcomeVC.swift in Sources */ = {isa = PBXBuildFile; fileRef = B11B947D20F8C8720084E4D7 /* WelcomeVC.swift */; };
		B11B948120F8C8720084E4D7 /* Main.storyboard in Resources */ = {isa = PBXBuildFile; fileRef = B11B947F20F8C8720084E4D7 /* Main.storyboard */; };
		B11B948320F8C87D0084E4D7 /* Assets.xcassets in Resources */ = {isa = PBXBuildFile; fileRef = B11B948220F8C87D0084E4D7 /* Assets.xcassets */; };
		B11B948620F8C87D0084E4D7 /* LaunchScreen.storyboard in Resources */ = {isa = PBXBuildFile; fileRef = B11B948420F8C87D0084E4D7 /* LaunchScreen.storyboard */; };
		B11B948F20F8CE4B0084E4D7 /* Border Button.swift in Sources */ = {isa = PBXBuildFile; fileRef = B11B948E20F8CE4B0084E4D7 /* Border Button.swift */; };
		B1D7221D20FF5DB80099AF51 /* Player.swift in Sources */ = {isa = PBXBuildFile; fileRef = B1D7221C20FF5DB80099AF51 /* Player.swift */; };
		B1F08ACE20FCCBF300827B9E /* LeagueVC.swift in Sources */ = {isa = PBXBuildFile; fileRef = B1F08ACD20FCCBF300827B9E /* LeagueVC.swift */; };
		B1F08AD020FCCC1500827B9E /* SkillVC.swift in Sources */ = {isa = PBXBuildFile; fileRef = B1F08ACF20FCCC1500827B9E /* SkillVC.swift */; };
/* End PBXBuildFile section */

/* Begin PBXFileReference section */
		B11B947820F8C8720084E4D7 /* app-swoosh.app */ = {isa = PBXFileReference; explicitFileType = wrapper.application; includeInIndex = 0; path = "app-swoosh.app"; sourceTree = BUILT_PRODUCTS_DIR; };
		B11B947B20F8C8720084E4D7 /* AppDelegate.swift */ = {isa = PBXFileReference; lastKnownFileType = sourcecode.swift; path = AppDelegate.swift; sourceTree = "<group>"; };
		B11B947D20F8C8720084E4D7 /* WelcomeVC.swift */ = {isa = PBXFileReference; lastKnownFileType = sourcecode.swift; path = WelcomeVC.swift; sourceTree = "<group>"; };
		B11B948020F8C8720084E4D7 /* Base */ = {isa = PBXFileReference; lastKnownFileType = file.storyboard; name = Base; path = Base.lproj/Main.storyboard; sourceTree = "<group>"; };
		B11B948220F8C87D0084E4D7 /* Assets.xcassets */ = {isa = PBXFileReference; lastKnownFileType = folder.assetcatalog; path = Assets.xcassets; sourceTree = "<group>"; };
		B11B948520F8C87D0084E4D7 /* Base */ = {isa = PBXFileReference; lastKnownFileType = file.storyboard; name = Base; path = Base.lproj/LaunchScreen.storyboard; sourceTree = "<group>"; };
		B11B948720F8C87D0084E4D7 /* Info.plist */ = {isa = PBXFileReference; lastKnownFileType = text.plist.xml; path = Info.plist; sourceTree = "<group>"; };
		B11B948E20F8CE4B0084E4D7 /* Border Button.swift */ = {isa = PBXFileReference; lastKnownFileType = sourcecode.swift; path = "Border Button.swift"; sourceTree = "<group>"; };
		B1D7221C20FF5DB80099AF51 /* Player.swift */ = {isa = PBXFileReference; lastKnownFileType = sourcecode.swift; path = Player.swift; sourceTree = "<group>"; };
		B1F08ACD20FCCBF300827B9E /* LeagueVC.swift */ = {isa = PBXFileReference; lastKnownFileType = sourcecode.swift; path = LeagueVC.swift; sourceTree = "<group>"; };
		B1F08ACF20FCCC1500827B9E /* SkillVC.swift */ = {isa = PBXFileReference; lastKnownFileType = sourcecode.swift; path = SkillVC.swift; sourceTree = "<group>"; };
/* End PBXFileReference section */

/* Begin PBXFrameworksBuildPhase section */
		B11B947520F8C8720084E4D7 /* Frameworks */ = {
			isa = PBXFrameworksBuildPhase;
			buildActionMask = 2147483647;
			files = (
			);
			runOnlyForDeploymentPostprocessing = 0;
		};
/* End PBXFrameworksBuildPhase section */

/* Begin PBXGroup section */
		B11B946F20F8C8710084E4D7 = {
			isa = PBXGroup;
			children = (
				B11B947A20F8C8720084E4D7 /* app-swoosh */,
				B11B947920F8C8720084E4D7 /* Products */,
			);
			sourceTree = "<group>";
		};
		B11B947920F8C8720084E4D7 /* Products */ = {
			isa = PBXGroup;
			children = (
				B11B947820F8C8720084E4D7 /* app-swoosh.app */,
			);
			name = Products;
			sourceTree = "<group>";
		};
		B11B947A20F8C8720084E4D7 /* app-swoosh */ = {
			isa = PBXGroup;
			children = (
				B1F08ACC20FCCB2500827B9E /* Model */,
				B1F08ACB20FCCB1D00827B9E /* Controller */,
				B11B948D20F8CE110084E4D7 /* View */,
				B11B947B20F8C8720084E4D7 /* AppDelegate.swift */,
				B11B947F20F8C8720084E4D7 /* Main.storyboard */,
				B11B948220F8C87D0084E4D7 /* Assets.xcassets */,
				B11B948420F8C87D0084E4D7 /* LaunchScreen.storyboard */,
				B11B948720F8C87D0084E4D7 /* Info.plist */,
			);
			path = "app-swoosh";
			sourceTree = "<group>";
		};
		B11B948D20F8CE110084E4D7 /* View */ = {
			isa = PBXGroup;
			children = (
				B11B948E20F8CE4B0084E4D7 /* Border Button.swift */,
			);
			path = View;
			sourceTree = "<group>";
		};
		B1F08ACB20FCCB1D00827B9E /* Controller */ = {
			isa = PBXGroup;
			children = (
				B11B947D20F8C8720084E4D7 /* WelcomeVC.swift */,
				B1F08ACD20FCCBF300827B9E /* LeagueVC.swift */,
				B1F08ACF20FCCC1500827B9E /* SkillVC.swift */,
			);
			path = Controller;
			sourceTree = "<group>";
		};
		B1F08ACC20FCCB2500827B9E /* Model */ = {
			isa = PBXGroup;
			children = (
				B1D7221C20FF5DB80099AF51 /* Player.swift */,
			);
			path = Model;
			sourceTree = "<group>";
		};
/* End PBXGroup section */

/* Begin PBXNativeTarget section */
		B11B947720F8C8720084E4D7 /* app-swoosh */ = {
			isa = PBXNativeTarget;
			buildConfigurationList = B11B948A20F8C87D0084E4D7 /* Build configuration list for PBXNativeTarget "app-swoosh" */;
			buildPhases = (
				B11B947420F8C8720084E4D7 /* Sources */,
				B11B947520F8C8720084E4D7 /* Frameworks */,
				B11B947620F8C8720084E4D7 /* Resources */,
			);
			buildRules = (
			);
			dependencies = (
			);
			name = "app-swoosh";
			productName = "app-swoosh";
			productReference = B11B947820F8C8720084E4D7 /* app-swoosh.app */;
			productType = "com.apple.product-type.application";
		};
/* End PBXNativeTarget section */

/* Begin PBXProject section */
		B11B947020F8C8710084E4D7 /* Project object */ = {
			isa = PBXProject;
			attributes = {
				LastSwiftUpdateCheck = 0940;
				LastUpgradeCheck = 0940;
				ORGANIZATIONNAME = "Ferdinand Becker";
				TargetAttributes = {
					B11B947720F8C8720084E4D7 = {
						CreatedOnToolsVersion = 9.4.1;
					};
				};
			};
			buildConfigurationList = B11B947320F8C8710084E4D7 /* Build configuration list for PBXProject "app-swoosh" */;
			compatibilityVersion = "Xcode 9.3";
			developmentRegion = en;
			hasScannedForEncodings = 0;
			knownRegions = (
				en,
				Base,
			);
			mainGroup = B11B946F20F8C8710084E4D7;
			productRefGroup = B11B947920F8C8720084E4D7 /* Products */;
			projectDirPath = "";
			projectRoot = "";
			targets = (
				B11B947720F8C8720084E4D7 /* app-swoosh */,
			);
		};
/* End PBXProject section */

/* Begin PBXResourcesBuildPhase section */
		B11B947620F8C8720084E4D7 /* Resources */ = {
			isa = PBXResourcesBuildPhase;
			buildActionMask = 2147483647;
			files = (
				B11B948620F8C87D0084E4D7 /* LaunchScreen.storyboard in Resources */,
				B11B948320F8C87D0084E4D7 /* Assets.xcassets in Resources */,
				B11B948120F8C8720084E4D7 /* Main.storyboard in Resources */,
			);
			runOnlyForDeploymentPostprocessing = 0;
		};
/* End PBXResourcesBuildPhase section */

/* Begin PBXSourcesBuildPhase section */
		B11B947420F8C8720084E4D7 /* Sources */ = {
			isa = PBXSourcesBuildPhase;
			buildActionMask = 2147483647;
			files = (
				B11B948F20F8CE4B0084E4D7 /* Border Button.swift in Sources */,
				B1F08ACE20FCCBF300827B9E /* LeagueVC.swift in Sources */,
				B11B947E20F8C8720084E4D7 /* WelcomeVC.swift in Sources */,
				B1F08AD020FCCC1500827B9E /* SkillVC.swift in Sources */,
				B1D7221D20FF5DB80099AF51 /* Player.swift in Sources */,
				B11B947C20F8C8720084E4D7 /* AppDelegate.swift in Sources */,
			);
			runOnlyForDeploymentPostprocessing = 0;
		};
/* End PBXSourcesBuildPhase section */

/* Begin PBXVariantGroup section */
		B11B947F20F8C8720084E4D7 /* Main.storyboard */ = {
			isa = PBXVariantGroup;
			children = (
				B11B948020F8C8720084E4D7 /* Base */,
			);
			name = Main.storyboard;
			sourceTree = "<group>";
		};
		B11B948420F8C87D0084E4D7 /* LaunchScreen.storyboard */ = {
			isa = PBXVariantGroup;
			children = (
				B11B948520F8C87D0084E4D7 /* Base */,
			);
			name = LaunchScreen.storyboard;
			sourceTree = "<group>";
		};
/* End PBXVariantGroup section */

/* Begin XCBuildConfiguration section */
		B11B948820F8C87D0084E4D7 /* Debug */ = {
			isa = XCBuildConfiguration;
			buildSettings = {
				ALWAYS_SEARCH_USER_PATHS = NO;
				CLANG_ANALYZER_NONNULL = YES;
				CLANG_ANALYZER_NUMBER_OBJECT_CONVERSION = YES_AGGRESSIVE;
				CLANG_CXX_LANGUAGE_STANDARD = "gnu++14";
				CLANG_CXX_LIBRARY = "libc++";
				CLANG_ENABLE_MODULES = YES;
				CLANG_ENABLE_OBJC_ARC = YES;
				CLANG_ENABLE_OBJC_WEAK = YES;
				CLANG_WARN_BLOCK_CAPTURE_AUTORELEASING = YES;
				CLANG_WARN_BOOL_CONVERSION = YES;
				CLANG_WARN_COMMA = YES;
				CLANG_WARN_CONSTANT_CONVERSION = YES;
				CLANG_WARN_DEPRECATED_OBJC_IMPLEMENTATIONS = YES;
				CLANG_WARN_DIRECT_OBJC_ISA_USAGE = YES_ERROR;
				CLANG_WARN_DOCUMENTATION_COMMENTS = YES;
				CLANG_WARN_EMPTY_BODY = YES;
				CLANG_WARN_ENUM_CONVERSION = YES;
				CLANG_WARN_INFINITE_RECURSION = YES;
				CLANG_WARN_INT_CONVERSION = YES;
				CLANG_WARN_NON_LITERAL_NULL_CONVERSION = YES;
				CLANG_WARN_OBJC_IMPLICIT_RETAIN_SELF = YES;
				CLANG_WARN_OBJC_LITERAL_CONVERSION = YES;
				CLANG_WARN_OBJC_ROOT_CLASS = YES_ERROR;
				CLANG_WARN_RANGE_LOOP_ANALYSIS = YES;
				CLANG_WARN_STRICT_PROTOTYPES = YES;
				CLANG_WARN_SUSPICIOUS_MOVE = YES;
				CLANG_WARN_UNGUARDED_AVAILABILITY = YES_AGGRESSIVE;
				CLANG_WARN_UNREACHABLE_CODE = YES;
				CLANG_WARN__DUPLICATE_METHOD_MATCH = YES;
				CODE_SIGN_IDENTITY = "iPhone Developer";
				COPY_PHASE_STRIP = NO;
				DEBUG_INFORMATION_FORMAT = dwarf;
				ENABLE_STRICT_OBJC_MSGSEND = YES;
				ENABLE_TESTABILITY = YES;
				GCC_C_LANGUAGE_STANDARD = gnu11;
				GCC_DYNAMIC_NO_PIC = NO;
				GCC_NO_COMMON_BLOCKS = YES;
				GCC_OPTIMIZATION_LEVEL = 0;
				GCC_PREPROCESSOR_DEFINITIONS = (
					"DEBUG=1",
					"$(inherited)",
				);
				GCC_WARN_64_TO_32_BIT_CONVERSION = YES;
				GCC_WARN_ABOUT_RETURN_TYPE = YES_ERROR;
				GCC_WARN_UNDECLARED_SELECTOR = YES;
				GCC_WARN_UNINITIALIZED_AUTOS = YES_AGGRESSIVE;
				GCC_WARN_UNUSED_FUNCTION = YES;
				GCC_WARN_UNUSED_VARIABLE = YES;
				IPHONEOS_DEPLOYMENT_TARGET = 11.4;
				MTL_ENABLE_DEBUG_INFO = YES;
				ONLY_ACTIVE_ARCH = YES;
				SDKROOT = iphoneos;
				SWIFT_ACTIVE_COMPILATION_CONDITIONS = DEBUG;
				SWIFT_OPTIMIZATION_LEVEL = "-Onone";
			};
			name = Debug;
		};
		B11B948920F8C87D0084E4D7 /* Release */ = {
			isa = XCBuildConfiguration;
			buildSettings = {
				ALWAYS_SEARCH_USER_PATHS = NO;
				CLANG_ANALYZER_NONNULL = YES;
				CLANG_ANALYZER_NUMBER_OBJECT_CONVERSION = YES_AGGRESSIVE;
				CLANG_CXX_LANGUAGE_STANDARD = "gnu++14";
				CLANG_CXX_LIBRARY = "libc++";
				CLANG_ENABLE_MODULES = YES;
				CLANG_ENABLE_OBJC_ARC = YES;
				CLANG_ENABLE_OBJC_WEAK = YES;
				CLANG_WARN_BLOCK_CAPTURE_AUTORELEASING = YES;
				CLANG_WARN_BOOL_CONVERSION = YES;
				CLANG_WARN_COMMA = YES;
				CLANG_WARN_CONSTANT_CONVERSION = YES;
				CLANG_WARN_DEPRECATED_OBJC_IMPLEMENTATIONS = YES;
				CLANG_WARN_DIRECT_OBJC_ISA_USAGE = YES_ERROR;
				CLANG_WARN_DOCUMENTATION_COMMENTS = YES;
				CLANG_WARN_EMPTY_BODY = YES;
				CLANG_WARN_ENUM_CONVERSION = YES;
				CLANG_WARN_INFINITE_RECURSION = YES;
				CLANG_WARN_INT_CONVERSION = YES;
				CLANG_WARN_NON_LITERAL_NULL_CONVERSION = YES;
				CLANG_WARN_OBJC_IMPLICIT_RETAIN_SELF = YES;
				CLANG_WARN_OBJC_LITERAL_CONVERSION = YES;
				CLANG_WARN_OBJC_ROOT_CLASS = YES_ERROR;
				CLANG_WARN_RANGE_LOOP_ANALYSIS = YES;
				CLANG_WARN_STRICT_PROTOTYPES = YES;
				CLANG_WARN_SUSPICIOUS_MOVE = YES;
				CLANG_WARN_UNGUARDED_AVAILABILITY = YES_AGGRESSIVE;
				CLANG_WARN_UNREACHABLE_CODE = YES;
				CLANG_WARN__DUPLICATE_METHOD_MATCH = YES;
				CODE_SIGN_IDENTITY = "iPhone Developer";
				COPY_PHASE_STRIP = NO;
				DEBUG_INFORMATION_FORMAT = "dwarf-with-dsym";
				ENABLE_NS_ASSERTIONS = NO;
				ENABLE_STRICT_OBJC_MSGSEND = YES;
				GCC_C_LANGUAGE_STANDARD = gnu11;
				GCC_NO_COMMON_BLOCKS = YES;
				GCC_WARN_64_TO_32_BIT_CONVERSION = YES;
				GCC_WARN_ABOUT_RETURN_TYPE = YES_ERROR;
				GCC_WARN_UNDECLARED_SELECTOR = YES;
				GCC_WARN_UNINITIALIZED_AUTOS = YES_AGGRESSIVE;
				GCC_WARN_UNUSED_FUNCTION = YES;
				GCC_WARN_UNUSED_VARIABLE = YES;
				IPHONEOS_DEPLOYMENT_TARGET = 11.4;
				MTL_ENABLE_DEBUG_INFO = NO;
				SDKROOT = iphoneos;
				SWIFT_COMPILATION_MODE = wholemodule;
				SWIFT_OPTIMIZATION_LEVEL = "-O";
				VALIDATE_PRODUCT = YES;
			};
			name = Release;
		};
		B11B948B20F8C87D0084E4D7 /* Debug */ = {
			isa = XCBuildConfiguration;
			buildSettings = {
				ASSETCATALOG_COMPILER_APPICON_NAME = AppIcon;
				CODE_SIGN_STYLE = Automatic;
				DEVELOPMENT_TEAM = 7G3F7TZMJF;
				INFOPLIST_FILE = "app-swoosh/Info.plist";
				LD_RUNPATH_SEARCH_PATHS = (
					"$(inherited)",
					"@executable_path/Frameworks",
				);
				PRODUCT_BUNDLE_IDENTIFIER = "FB.app-swoosh";
				PRODUCT_NAME = "$(TARGET_NAME)";
				SWIFT_VERSION = 4.0;
				TARGETED_DEVICE_FAMILY = "1,2";
			};
			name = Debug;
		};
		B11B948C20F8C87D0084E4D7 /* Release */ = {
			isa = XCBuildConfiguration;
			buildSettings = {
				ASSETCATALOG_COMPILER_APPICON_NAME = AppIcon;
				CODE_SIGN_STYLE = Automatic;
				DEVELOPMENT_TEAM = 7G3F7TZMJF;
				INFOPLIST_FILE = "app-swoosh/Info.plist";
				LD_RUNPATH_SEARCH_PATHS = (
					"$(inherited)",
					"@executable_path/Frameworks",
				);
				PRODUCT_BUNDLE_IDENTIFIER = "FB.app-swoosh";
				PRODUCT_NAME = "$(TARGET_NAME)";
				SWIFT_VERSION = 4.0;
				TARGETED_DEVICE_FAMILY = "1,2";
			};
			name = Release;
		};
/* End XCBuildConfiguration section */

/* Begin XCConfigurationList section */
		B11B947320F8C8710084E4D7 /* Build configuration list for PBXProject "app-swoosh" */ = {
			isa = XCConfigurationList;
			buildConfigurations = (
				B11B948820F8C87D0084E4D7 /* Debug */,
				B11B948920F8C87D0084E4D7 /* Release */,
			);
			defaultConfigurationIsVisible = 0;
			defaultConfigurationName = Release;
		};
		B11B948A20F8C87D0084E4D7 /* Build configuration list for PBXNativeTarget "app-swoosh" */ = {
			isa = XCConfigurationList;
			buildConfigurations = (
				B11B948B20F8C87D0084E4D7 /* Debug */,
				B11B948C20F8C87D0084E4D7 /* Release */,
			);
			defaultConfigurationIsVisible = 0;
			defaultConfigurationName = Release;
		};
/* End XCConfigurationList section */
	};
	rootObject = B11B947020F8C8710084E4D7 /* Project object */;
}
